
Microsoft Visual Studio Solution File, Format Version 12.00
# Visual Studio 2015
Project("{FAE04EC0-301F-11D3-BF4B-00C04F79EFBC}") = "patrol game", "patrol game.csproj", "{F6CE9207-F221-B609-F39A-D4F1604BF735}"
EndProject
Project("{FAE04EC0-301F-11D3-BF4B-00C04F79EFBC}") = "patrol game.Editor", "patrol game.Editor.csproj", "{D5377C51-4E03-FE3A-A272-8D65324B1347}"
EndProject
Global
	GlobalSection(SolutionConfigurationPlatforms) = preSolution
		Debug|Any CPU = Debug|Any CPU
		Release|Any CPU = Release|Any CPU
	EndGlobalSection
	GlobalSection(ProjectConfigurationPlatforms) = postSolution
		{F6CE9207-F221-B609-F39A-D4F1604BF735}.Debug|Any CPU.ActiveCfg = Debug|Any CPU
		{F6CE9207-F221-B609-F39A-D4F1604BF735}.Debug|Any CPU.Build.0 = Debug|Any CPU
		{F6CE9207-F221-B609-F39A-D4F1604BF735}.Release|Any CPU.ActiveCfg = Release|Any CPU
		{F6CE9207-F221-B609-F39A-D4F1604BF735}.Release|Any CPU.Build.0 = Release|Any CPU
		{D5377C51-4E03-FE3A-A272-8D65324B1347}.Debug|Any CPU.ActiveCfg = Debug|Any CPU
		{D5377C51-4E03-FE3A-A272-8D65324B1347}.Debug|Any CPU.Build.0 = Debug|Any CPU
		{D5377C51-4E03-FE3A-A272-8D65324B1347}.Release|Any CPU.ActiveCfg = Release|Any CPU
		{D5377C51-4E03-FE3A-A272-8D65324B1347}.Release|Any CPU.Build.0 = Release|Any CPU
	EndGlobalSection
	GlobalSection(SolutionProperties) = preSolution
		HideSolutionNode = FALSE
	EndGlobalSection
EndGlobal
